
Microsoft Visual Studio Solution File, Format Version 12.00
# Visual Studio Version 17
VisualStudioVersion = 17.14.36705.20 d17.14
MinimumVisualStudioVersion = 10.0.40219.1
Project("{FAE04EC0-301F-11D3-BF4B-00C04F79EFBC}") = "MC Server Manager 3", "MC Server Manager 3.csproj", "{A81B7D1A-7A23-4369-B3C0-E68334A96D68}"
EndProject
Global
	GlobalSection(SolutionConfigurationPlatforms) = preSolution
		Debug|Any CPU = Debug|Any CPU
		Release|Any CPU = Release|Any CPU
	EndGlobalSection
	GlobalSection(ProjectConfigurationPlatforms) = postSolution
		{A81B7D1A-7A23-4369-B3C0-E68334A96D68}.Debug|Any CPU.ActiveCfg = Debug|Any CPU
		{A81B7D1A-7A23-4369-B3C0-E68334A96D68}.Debug|Any CPU.Build.0 = Debug|Any CPU
		{A81B7D1A-7A23-4369-B3C0-E68334A96D68}.Release|Any CPU.ActiveCfg = Release|Any CPU
		{A81B7D1A-7A23-4369-B3C0-E68334A96D68}.Release|Any CPU.Build.0 = Release|Any CPU
	EndGlobalSection
	GlobalSection(SolutionProperties) = preSolution
		HideSolutionNode = FALSE
	EndGlobalSection
	GlobalSection(ExtensibilityGlobals) = postSolution
		SolutionGuid = {B8ACE385-98BE-4767-A1D2-96065F4BF38F}
	EndGlobalSection
EndGlobal
